
Microsoft Visual Studio Solution File, Format Version 12.00
# Visual Studio Version 17
VisualStudioVersion = 17.0.31903.59
MinimumVisualStudioVersion = 10.0.40219.1
Project("{FAE04EC0-301F-11D3-BF4B-00C04F79EFBC}") = "Order.API", "Order.API\Order.API.csproj", "{F130028B-2D1C-477F-BDA9-27D24145202D}"
EndProject
Project("{FAE04EC0-301F-11D3-BF4B-00C04F79EFBC}") = "Order.Processor", "Order.Processor\Order.Processor.csproj", "{AD712EF9-161B-423B-BB91-9834F65B0D4F}"
EndProject
Project("{FAE04EC0-301F-11D3-BF4B-00C04F79EFBC}") = "Order.Core", "Order.Core\Order.Core.csproj", "{A932A9C3-A0C4-4A0F-8E70-CA4B390A0332}"
EndProject
Global
	GlobalSection(SolutionConfigurationPlatforms) = preSolution
		Debug|Any CPU = Debug|Any CPU
		Debug|x64 = Debug|x64
		Debug|x86 = Debug|x86
		Release|Any CPU = Release|Any CPU
		Release|x64 = Release|x64
		Release|x86 = Release|x86
	EndGlobalSection
	GlobalSection(ProjectConfigurationPlatforms) = postSolution
		{F130028B-2D1C-477F-BDA9-27D24145202D}.Debug|Any CPU.ActiveCfg = Debug|Any CPU
		{F130028B-2D1C-477F-BDA9-27D24145202D}.Debug|Any CPU.Build.0 = Debug|Any CPU
		{F130028B-2D1C-477F-BDA9-27D24145202D}.Debug|x64.ActiveCfg = Debug|Any CPU
		{F130028B-2D1C-477F-BDA9-27D24145202D}.Debug|x64.Build.0 = Debug|Any CPU
		{F130028B-2D1C-477F-BDA9-27D24145202D}.Debug|x86.ActiveCfg = Debug|Any CPU
		{F130028B-2D1C-477F-BDA9-27D24145202D}.Debug|x86.Build.0 = Debug|Any CPU
		{F130028B-2D1C-477F-BDA9-27D24145202D}.Release|Any CPU.ActiveCfg = Release|Any CPU
		{F130028B-2D1C-477F-BDA9-27D24145202D}.Release|Any CPU.Build.0 = Release|Any CPU
		{F130028B-2D1C-477F-BDA9-27D24145202D}.Release|x64.ActiveCfg = Release|Any CPU
		{F130028B-2D1C-477F-BDA9-27D24145202D}.Release|x64.Build.0 = Release|Any CPU
		{F130028B-2D1C-477F-BDA9-27D24145202D}.Release|x86.ActiveCfg = Release|Any CPU
		{F130028B-2D1C-477F-BDA9-27D24145202D}.Release|x86.Build.0 = Release|Any CPU
		{AD712EF9-161B-423B-BB91-9834F65B0D4F}.Debug|Any CPU.ActiveCfg = Debug|Any CPU
		{AD712EF9-161B-423B-BB91-9834F65B0D4F}.Debug|Any CPU.Build.0 = Debug|Any CPU
		{AD712EF9-161B-423B-BB91-9834F65B0D4F}.Debug|x64.ActiveCfg = Debug|Any CPU
		{AD712EF9-161B-423B-BB91-9834F65B0D4F}.Debug|x64.Build.0 = Debug|Any CPU
		{AD712EF9-161B-423B-BB91-9834F65B0D4F}.Debug|x86.ActiveCfg = Debug|Any CPU
		{AD712EF9-161B-423B-BB91-9834F65B0D4F}.Debug|x86.Build.0 = Debug|Any CPU
		{AD712EF9-161B-423B-BB91-9834F65B0D4F}.Release|Any CPU.ActiveCfg = Release|Any CPU
		{AD712EF9-161B-423B-BB91-9834F65B0D4F}.Release|Any CPU.Build.0 = Release|Any CPU
		{AD712EF9-161B-423B-BB91-9834F65B0D4F}.Release|x64.ActiveCfg = Release|Any CPU
		{AD712EF9-161B-423B-BB91-9834F65B0D4F}.Release|x64.Build.0 = Release|Any CPU
		{AD712EF9-161B-423B-BB91-9834F65B0D4F}.Release|x86.ActiveCfg = Release|Any CPU
		{AD712EF9-161B-423B-BB91-9834F65B0D4F}.Release|x86.Build.0 = Release|Any CPU
		{A932A9C3-A0C4-4A0F-8E70-CA4B390A0332}.Debug|Any CPU.ActiveCfg = Debug|Any CPU
		{A932A9C3-A0C4-4A0F-8E70-CA4B390A0332}.Debug|Any CPU.Build.0 = Debug|Any CPU
		{A932A9C3-A0C4-4A0F-8E70-CA4B390A0332}.Debug|x64.ActiveCfg = Debug|Any CPU
		{A932A9C3-A0C4-4A0F-8E70-CA4B390A0332}.Debug|x64.Build.0 = Debug|Any CPU
		{A932A9C3-A0C4-4A0F-8E70-CA4B390A0332}.Debug|x86.ActiveCfg = Debug|Any CPU
		{A932A9C3-A0C4-4A0F-8E70-CA4B390A0332}.Debug|x86.Build.0 = Debug|Any CPU
		{A932A9C3-A0C4-4A0F-8E70-CA4B390A0332}.Release|Any CPU.ActiveCfg = Release|Any CPU
		{A932A9C3-A0C4-4A0F-8E70-CA4B390A0332}.Release|Any CPU.Build.0 = Release|Any CPU
		{A932A9C3-A0C4-4A0F-8E70-CA4B390A0332}.Release|x64.ActiveCfg = Release|Any CPU
		{A932A9C3-A0C4-4A0F-8E70-CA4B390A0332}.Release|x64.Build.0 = Release|Any CPU
		{A932A9C3-A0C4-4A0F-8E70-CA4B390A0332}.Release|x86.ActiveCfg = Release|Any CPU
		{A932A9C3-A0C4-4A0F-8E70-CA4B390A0332}.Release|x86.Build.0 = Release|Any CPU
	EndGlobalSection
	GlobalSection(SolutionProperties) = preSolution
		HideSolutionNode = FALSE
	EndGlobalSection
EndGlobal
